<?xml version="1.0" encoding="utf-8"?>
<Project ToolsVersion="4.0" xmlns="http://schemas.microsoft.com/developer/msbuild/2003">
  <ItemGroup>
    <ClCompile Include="EfiCallerBaseName.c" />
    <ClCompile Include="main.c" />
  </ItemGroup>
  <ItemGroup>
    <None Include="buildDXE.inf" />
    <None Include="buildPEI.inf" />
  </ItemGroup>
  <ItemGroup>
    <Filter Include="Header Files">
      <UniqueIdentifier>{85c46b4a-38b7-4ecc-b633-8780b5d510a0}</UniqueIdentifier>
    </Filter>
  </ItemGroup>
  <ItemGroup>
    <ClInclude Include="..\..\..\CdePkg\Include\CdeLoadOptions.h">
      <Filter>Header Files</Filter>
    </ClInclude>
  </ItemGroup>
</Project>